{
    "name": "v8debug",
    "version": "0.1.2",
    "lockfileVersion": 1,
    "requires": true,
    "dependencies": {
        "amd-loader": {
            "version": "0.0.8",
            "resolved": "https://registry.npmjs.org/amd-loader/-/amd-loader-0.0.8.tgz",
            "integrity": "sha1-ECKSgEDlZ+jmpvtYvaBS+BkYkgY="
        },
        "asyncjs": {
            "version": "https://github.com/exsilium/async.js/tarball/be2c5b9195312c9c4aa8c3e29932b0b9784bcae7",
            "integrity": "sha1-xaO65IVDmxmzRU9hckv7YtAcLzQ=",
            "dev": true
        }
    }
}
